
Microsoft Visual Studio Solution File, Format Version 12.00
# Visual Studio Version 17
VisualStudioVersion = 17.7.34221.43
MinimumVisualStudioVersion = 10.0.40219.1
Project("{FAE04EC0-301F-11D3-BF4B-00C04F79EFBC}") = "projectbounce", "projectbounce\projectbounce.csproj", "{81C673AB-53EE-4387-AB89-9FC5C2CAA114}"
EndProject
Global
	GlobalSection(SolutionConfigurationPlatforms) = preSolution
		Debug|Any CPU = Debug|Any CPU
		Release|Any CPU = Release|Any CPU
	EndGlobalSection
	GlobalSection(ProjectConfigurationPlatforms) = postSolution
		{81C673AB-53EE-4387-AB89-9FC5C2CAA114}.Debug|Any CPU.ActiveCfg = Debug|Any CPU
		{81C673AB-53EE-4387-AB89-9FC5C2CAA114}.Debug|Any CPU.Build.0 = Debug|Any CPU
		{81C673AB-53EE-4387-AB89-9FC5C2CAA114}.Release|Any CPU.ActiveCfg = Release|Any CPU
		{81C673AB-53EE-4387-AB89-9FC5C2CAA114}.Release|Any CPU.Build.0 = Release|Any CPU
	EndGlobalSection
	GlobalSection(SolutionProperties) = preSolution
		HideSolutionNode = FALSE
	EndGlobalSection
	GlobalSection(ExtensibilityGlobals) = postSolution
		SolutionGuid = {AFEF8042-986D-4BD7-8D61-6F771305DD34}
	EndGlobalSection
EndGlobal
